<Solution>
  <Folder Name="/Solution Items/">
    <File Path=".editorconfig" />
    <File Path="Directory.Build.props" />
    <File Path="README.md" />
    <File Path="README.pt.md" />
  </Folder>
  <Folder Name="/src/">
    <Project Path="src/Exceptions/Tolitech.Exceptions.csproj" />
  </Folder>
  <Folder Name="/tests/">
    <Project Path="tests/Exceptions/Tolitech.Exceptions.UnitTests.csproj" />
  </Folder>
</Solution>
